
Microsoft Visual Studio Solution File, Format Version 12.00
# Visual Studio 14
VisualStudioVersion = 14.0.25420.1
MinimumVisualStudioVersion = 10.0.40219.1
Project("{FAE04EC0-301F-11D3-BF4B-00C04F79EFBC}") = "MyWCFServices", "HelloWorldServer\MyWCFServices.csproj", "{B353A43B-F1B3-4552-AA70-8D177D2174F2}"
EndProject
Project("{FAE04EC0-301F-11D3-BF4B-00C04F79EFBC}") = "WebApplication1", "WebApplication1\WebApplication1.csproj", "{C4228BF5-7397-468D-A099-8179E128A262}"
EndProject
Project("{2150E333-8FDC-42A3-9474-1A3956D46DE8}") = "Solution Items", "Solution Items", "{FE608FBE-A224-4845-BFAC-DDCC88E740B5}"
	ProjectSection(SolutionItems) = preProject
		HelloWorldService.svc = HelloWorldService.svc
	EndProjectSection
EndProject
Global
	GlobalSection(SolutionConfigurationPlatforms) = preSolution
		Debug|Any CPU = Debug|Any CPU
		Release|Any CPU = Release|Any CPU
	EndGlobalSection
	GlobalSection(ProjectConfigurationPlatforms) = postSolution
		{B353A43B-F1B3-4552-AA70-8D177D2174F2}.Debug|Any CPU.ActiveCfg = Debug|Any CPU
		{B353A43B-F1B3-4552-AA70-8D177D2174F2}.Debug|Any CPU.Build.0 = Debug|Any CPU
		{B353A43B-F1B3-4552-AA70-8D177D2174F2}.Release|Any CPU.ActiveCfg = Release|Any CPU
		{B353A43B-F1B3-4552-AA70-8D177D2174F2}.Release|Any CPU.Build.0 = Release|Any CPU
		{C4228BF5-7397-468D-A099-8179E128A262}.Debug|Any CPU.ActiveCfg = Debug|Any CPU
		{C4228BF5-7397-468D-A099-8179E128A262}.Debug|Any CPU.Build.0 = Debug|Any CPU
		{C4228BF5-7397-468D-A099-8179E128A262}.Release|Any CPU.ActiveCfg = Release|Any CPU
		{C4228BF5-7397-468D-A099-8179E128A262}.Release|Any CPU.Build.0 = Release|Any CPU
	EndGlobalSection
	GlobalSection(SolutionProperties) = preSolution
		HideSolutionNode = FALSE
	EndGlobalSection
EndGlobal
